Microsoft Visual Studio Solution File, Format Version 8.00
Project("{8BC9CEB8-8B4A-11D0-8D11-00A0C91BC942}") = "lua1", "lua1.vcproj", "{5D366C04-0EFA-41FE-9EFF-B78083895273}"
	ProjectSection(ProjectDependencies) = postProject
	EndProjectSection
EndProject
Global
	GlobalSection(SolutionConfiguration) = preSolution
		Debug = Debug
		Release = Release
	EndGlobalSection
	GlobalSection(ProjectConfiguration) = postSolution
		{5D366C04-0EFA-41FE-9EFF-B78083895273}.Debug.ActiveCfg = Debug|Win32
		{5D366C04-0EFA-41FE-9EFF-B78083895273}.Debug.Build.0 = Debug|Win32
		{5D366C04-0EFA-41FE-9EFF-B78083895273}.Release.ActiveCfg = Release|Win32
		{5D366C04-0EFA-41FE-9EFF-B78083895273}.Release.Build.0 = Release|Win32
	EndGlobalSection
	GlobalSection(ExtensibilityGlobals) = postSolution
	EndGlobalSection
	GlobalSection(ExtensibilityAddIns) = postSolution
	EndGlobalSection
EndGlobal
